
Microsoft Visual Studio Solution File, Format Version 12.00
# Visual Studio Version 17
VisualStudioVersion = 17.2.32519.379
MinimumVisualStudioVersion = 10.0.40219.1
Project("{9A19103F-16F7-4668-BE54-9A1E7A4F7556}") = "Api.Login", "Api.Login\Api.Login.csproj", "{ED48A1B0-F452-49F9-942F-14363B6DAFD2}"
EndProject
Project("{FAE04EC0-301F-11D3-BF4B-00C04F79EFBC}") = "Api.Common", "Api.Common\Api.Common.csproj", "{32346589-7891-4C98-98AF-9E6EFB1E25D5}"
EndProject
Project("{FAE04EC0-301F-11D3-BF4B-00C04F79EFBC}") = "Api.DataAccessDapper", "Api.DataAccessDapper\Api.DataAccessDapper.csproj", "{B9F35C34-16D5-4F6E-ADD4-013C826B672F}"
EndProject
Project("{FAE04EC0-301F-11D3-BF4B-00C04F79EFBC}") = "Api.EntityFrameworkDB", "Api.EntityFrameworkDB\Api.EntityFrameworkDB.csproj", "{F85D9FA5-120A-4A0D-A275-C9B09C95B684}"
EndProject
Global
	GlobalSection(SolutionConfigurationPlatforms) = preSolution
		Debug|Any CPU = Debug|Any CPU
		Release|Any CPU = Release|Any CPU
	EndGlobalSection
	GlobalSection(ProjectConfigurationPlatforms) = postSolution
		{ED48A1B0-F452-49F9-942F-14363B6DAFD2}.Debug|Any CPU.ActiveCfg = Debug|Any CPU
		{ED48A1B0-F452-49F9-942F-14363B6DAFD2}.Debug|Any CPU.Build.0 = Debug|Any CPU
		{ED48A1B0-F452-49F9-942F-14363B6DAFD2}.Release|Any CPU.ActiveCfg = Release|Any CPU
		{ED48A1B0-F452-49F9-942F-14363B6DAFD2}.Release|Any CPU.Build.0 = Release|Any CPU
		{32346589-7891-4C98-98AF-9E6EFB1E25D5}.Debug|Any CPU.ActiveCfg = Debug|Any CPU
		{32346589-7891-4C98-98AF-9E6EFB1E25D5}.Debug|Any CPU.Build.0 = Debug|Any CPU
		{32346589-7891-4C98-98AF-9E6EFB1E25D5}.Release|Any CPU.ActiveCfg = Release|Any CPU
		{32346589-7891-4C98-98AF-9E6EFB1E25D5}.Release|Any CPU.Build.0 = Release|Any CPU
		{B9F35C34-16D5-4F6E-ADD4-013C826B672F}.Debug|Any CPU.ActiveCfg = Debug|Any CPU
		{B9F35C34-16D5-4F6E-ADD4-013C826B672F}.Debug|Any CPU.Build.0 = Debug|Any CPU
		{B9F35C34-16D5-4F6E-ADD4-013C826B672F}.Release|Any CPU.ActiveCfg = Release|Any CPU
		{B9F35C34-16D5-4F6E-ADD4-013C826B672F}.Release|Any CPU.Build.0 = Release|Any CPU
		{F85D9FA5-120A-4A0D-A275-C9B09C95B684}.Debug|Any CPU.ActiveCfg = Debug|Any CPU
		{F85D9FA5-120A-4A0D-A275-C9B09C95B684}.Debug|Any CPU.Build.0 = Debug|Any CPU
		{F85D9FA5-120A-4A0D-A275-C9B09C95B684}.Release|Any CPU.ActiveCfg = Release|Any CPU
		{F85D9FA5-120A-4A0D-A275-C9B09C95B684}.Release|Any CPU.Build.0 = Release|Any CPU
	EndGlobalSection
	GlobalSection(SolutionProperties) = preSolution
		HideSolutionNode = FALSE
	EndGlobalSection
	GlobalSection(ExtensibilityGlobals) = postSolution
		SolutionGuid = {B8CFEB47-8374-4A69-9D4A-76FBBD5D19B5}
	EndGlobalSection
EndGlobal
